
Microsoft Visual Studio Solution File, Format Version 12.00
# Visual Studio Version 17
VisualStudioVersion = 17.1.32228.430
MinimumVisualStudioVersion = 10.0.40219.1
Project("{FAE04EC0-301F-11D3-BF4B-00C04F79EFBC}") = "PricingApi", "PricingApi\PricingApi.csproj", "{1E0253A1-A49F-4110-AAEA-1BDBA3BCA958}"
EndProject
Global
	GlobalSection(SolutionConfigurationPlatforms) = preSolution
		Debug|Any CPU = Debug|Any CPU
		Release|Any CPU = Release|Any CPU
	EndGlobalSection
	GlobalSection(ProjectConfigurationPlatforms) = postSolution
		{1E0253A1-A49F-4110-AAEA-1BDBA3BCA958}.Debug|Any CPU.ActiveCfg = Debug|Any CPU
		{1E0253A1-A49F-4110-AAEA-1BDBA3BCA958}.Debug|Any CPU.Build.0 = Debug|Any CPU
		{1E0253A1-A49F-4110-AAEA-1BDBA3BCA958}.Release|Any CPU.ActiveCfg = Release|Any CPU
		{1E0253A1-A49F-4110-AAEA-1BDBA3BCA958}.Release|Any CPU.Build.0 = Release|Any CPU
	EndGlobalSection
	GlobalSection(SolutionProperties) = preSolution
		HideSolutionNode = FALSE
	EndGlobalSection
	GlobalSection(ExtensibilityGlobals) = postSolution
		SolutionGuid = {F350C85A-FA57-4897-A40F-0AC7D2EC4E34}
	EndGlobalSection
EndGlobal
